// !$*UTF8*$!
{
	archiveVersion = 1;
	classes = {
	};
	objectVersion = 56;
	objects = {
		FA0143C89DBEEC369519E372 = {isa = PBXFileReference; lastKnownFileType = sourcecode.swift; path = "AVO.swiftpm/Core/Models.swift"; sourceTree = "<group>";};
		930BA883B6340260CBB5A10E = {isa = PBXBuildFile; fileRef = FA0143C89DBEEC369519E372;};
		AA9E33565298D944B312A914 = {isa = PBXFileReference; lastKnownFileType = sourcecode.swift; path = "AVO.swiftpm/App/MyApp.swift"; sourceTree = "<group>";};
		A269AC07EA5EAB631899B878 = {isa = PBXBuildFile; fileRef = AA9E33565298D944B312A914;};
		1F4B89BC1C70D9ECCF287716 = {isa = PBXFileReference; lastKnownFileType = sourcecode.swift; path = "AVO.swiftpm/Services/AVORemotePushManager.swift"; sourceTree = "<group>";};
		AB8C471535BEF96B8BC05C9A = {isa = PBXBuildFile; fileRef = 1F4B89BC1C70D9ECCF287716;};
		0DF9AA0998C0984C3389B8A7 = {isa = PBXFileReference; lastKnownFileType = sourcecode.swift; path = "AVO.swiftpm/Services/AVOMasterSessionCore.swift"; sourceTree = "<group>";};
		90D6CC5BDC6999DDC94E8E64 = {isa = PBXBuildFile; fileRef = 0DF9AA0998C0984C3389B8A7;};
		284ED59BC333CE0B37FEEDE7 = {isa = PBXFileReference; lastKnownFileType = sourcecode.swift; path = "AVO.swiftpm/Services/AVOAppDataSync.swift"; sourceTree = "<group>";};
		A9359D311546CB1A7C6BEE63 = {isa = PBXBuildFile; fileRef = 284ED59BC333CE0B37FEEDE7;};
		54A8859FC2A1E86943D74976 = {isa = PBXFileReference; lastKnownFileType = sourcecode.swift; path = "AVO.swiftpm/Services/APNSManager.swift"; sourceTree = "<group>";};
		9469644084F622FB27E0A46D = {isa = PBXBuildFile; fileRef = 54A8859FC2A1E86943D74976;};
		2F495047E0B785411D952B94 = {isa = PBXFileReference; lastKnownFileType = sourcecode.swift; path = "AVO.swiftpm/Services/CameraManager.swift"; sourceTree = "<group>";};
		1D72D584FDB2322C314254D9 = {isa = PBXBuildFile; fileRef = 2F495047E0B785411D952B94;};
		068B2705721699845A8A2B9C = {isa = PBXFileReference; lastKnownFileType = sourcecode.swift; path = "AVO.swiftpm/Services/AVOStorageEngine.swift"; sourceTree = "<group>";};
		30430D6696E2A49A1E764BE9 = {isa = PBXBuildFile; fileRef = 068B2705721699845A8A2B9C;};
		48FFBE81E5D9F192589FEB44 = {isa = PBXFileReference; lastKnownFileType = sourcecode.swift; path = "AVO.swiftpm/Services/Stores.swift"; sourceTree = "<group>";};
		4FEEFC67A354838463C6324E = {isa = PBXBuildFile; fileRef = 48FFBE81E5D9F192589FEB44;};
		73C8FCD0C970E792BAD3F693 = {isa = PBXFileReference; lastKnownFileType = sourcecode.swift; path = "AVO.swiftpm/Shared/AVOModernAVFoundationHelper.swift"; sourceTree = "<group>";};
		F33ABC8AE5F2D19A0DAB845D = {isa = PBXBuildFile; fileRef = 73C8FCD0C970E792BAD3F693;};
		FC8B8DB9259E40CBD2E7A751 = {isa = PBXFileReference; lastKnownFileType = sourcecode.swift; path = "AVO.swiftpm/Shared/AVOSystemLinkerPanel.swift"; sourceTree = "<group>";};
		31C19DEBFEDDB559E8CFC5B3 = {isa = PBXBuildFile; fileRef = FC8B8DB9259E40CBD2E7A751;};
		80794B9E7902AF0BF09B7BF8 = {isa = PBXFileReference; lastKnownFileType = sourcecode.swift; path = "AVO.swiftpm/Shared/AVOSystemDataBus.swift"; sourceTree = "<group>";};
		E28ACDBF489A329F891DCF89 = {isa = PBXBuildFile; fileRef = 80794B9E7902AF0BF09B7BF8;};
		63E8E6C6073438ABCF5835C7 = {isa = PBXFileReference; lastKnownFileType = sourcecode.swift; path = "AVO.swiftpm/Shared/AVOSystemAuditWriter.swift"; sourceTree = "<group>";};
		92FCD589521DA70BDE560A90 = {isa = PBXBuildFile; fileRef = 63E8E6C6073438ABCF5835C7;};
		03CC42B431E7FF4718BFD44E = {isa = PBXFileReference; lastKnownFileType = sourcecode.swift; path = "AVO.swiftpm/Shared/AVOPhase86RealEngines.swift"; sourceTree = "<group>";};
		BA6D74AB05C0324CDDAEE7FF = {isa = PBXBuildFile; fileRef = 03CC42B431E7FF4718BFD44E;};
		A5A45BDF5B871F8CAD6F7797 = {isa = PBXFileReference; lastKnownFileType = sourcecode.swift; path = "AVO.swiftpm/Shared/AVOSystemRegistry.swift"; sourceTree = "<group>";};
		69D45593D8EC8DC7749DC327 = {isa = PBXBuildFile; fileRef = A5A45BDF5B871F8CAD6F7797;};
		9C8095214C2D7B5A3736A00E = {isa = PBXFileReference; lastKnownFileType = sourcecode.swift; path = "AVO.swiftpm/UI/AVOUnifiedChrome.swift"; sourceTree = "<group>";};
		C1BA98E1BBCAA1672E490FE1 = {isa = PBXBuildFile; fileRef = 9C8095214C2D7B5A3736A00E;};
		237627B0AA9B94D7967380B1 = {isa = PBXFileReference; lastKnownFileType = sourcecode.swift; path = "AVO.swiftpm/UI/DashboardView.swift"; sourceTree = "<group>";};
		F88D7BA362BB4B5FCE8B5406 = {isa = PBXBuildFile; fileRef = 237627B0AA9B94D7967380B1;};
		F0ECBDC9B08145C0C89C7BCB = {isa = PBXFileReference; lastKnownFileType = sourcecode.swift; path = "AVO.swiftpm/UI/UIComponents.swift"; sourceTree = "<group>";};
		5D5CB50EFE1825518A5ADA54 = {isa = PBXBuildFile; fileRef = F0ECBDC9B08145C0C89C7BCB;};
		81EE8F17D604A1A81F10850D = {isa = PBXFileReference; lastKnownFileType = sourcecode.swift; path = "AVO.swiftpm/UI/PhasePanel.swift"; sourceTree = "<group>";};
		3B9453B8220B2BE2454574AB = {isa = PBXBuildFile; fileRef = 81EE8F17D604A1A81F10850D;};
		310686CEA886600CF1B4549A = {isa = PBXFileReference; lastKnownFileType = sourcecode.swift; path = "AVO.swiftpm/UI/AVOSharedMetricComponents.swift"; sourceTree = "<group>";};
		0481339C20408A9644D0D88D = {isa = PBXBuildFile; fileRef = 310686CEA886600CF1B4549A;};
		C8C6BF45DC0A404499F5C658 = {isa = PBXFileReference; lastKnownFileType = sourcecode.swift; path = "AVO.swiftpm/Modules/LiDAR/AVOLiDARFusionEngine.swift"; sourceTree = "<group>";};
		AD5FE9FC0D72D5DC8EAA3BBB = {isa = PBXBuildFile; fileRef = C8C6BF45DC0A404499F5C658;};
		FF11F0D4712F1527DC8E649F = {isa = PBXFileReference; lastKnownFileType = sourcecode.swift; path = "AVO.swiftpm/Modules/LiDAR/AVOLidarFusionCompleteSystem.swift"; sourceTree = "<group>";};
		6F2FD9079E64DDD0724935C2 = {isa = PBXBuildFile; fileRef = FF11F0D4712F1527DC8E649F;};
		E0A296B8A63EF88D23679BDD = {isa = PBXFileReference; lastKnownFileType = sourcecode.swift; path = "AVO.swiftpm/Modules/LiDAR/AVOLiDARDepthModels.swift"; sourceTree = "<group>";};
		CE17EC5F0F82025D62737F37 = {isa = PBXBuildFile; fileRef = E0A296B8A63EF88D23679BDD;};
		1EEB1689737A5901FE4C2BDD = {isa = PBXFileReference; lastKnownFileType = sourcecode.swift; path = "AVO.swiftpm/Modules/LiDAR/AVOLiDARHorseContourOverlay.swift"; sourceTree = "<group>";};
		7500D97D2C11B7590EAE4168 = {isa = PBXBuildFile; fileRef = 1EEB1689737A5901FE4C2BDD;};
		096AE73EF13A48EF05FA3E83 = {isa = PBXFileReference; lastKnownFileType = sourcecode.swift; path = "AVO.swiftpm/Modules/LiDAR/AVOLiveBiomechLiDAROverlay.swift"; sourceTree = "<group>";};
		271F1ED5FB005C29EFDEEE6A = {isa = PBXBuildFile; fileRef = 096AE73EF13A48EF05FA3E83;};
		04BD4A0E5209A52E372E8E0A = {isa = PBXFileReference; lastKnownFileType = sourcecode.swift; path = "AVO.swiftpm/Modules/Biotech/BiotechReplayTimelineEngineV1.swift"; sourceTree = "<group>";};
		EE72E78363979E3D950DED7B = {isa = PBXBuildFile; fileRef = 04BD4A0E5209A52E372E8E0A;};
		78743422240AF64D0FC1D8A0 = {isa = PBXFileReference; lastKnownFileType = sourcecode.swift; path = "AVO.swiftpm/Modules/Biotech/ReviewBiotechTrainingIntake.swift"; sourceTree = "<group>";};
		638B447193A71014250792C2 = {isa = PBXBuildFile; fileRef = 78743422240AF64D0FC1D8A0;};
		8607D1ADFF3624E4C9D309FD = {isa = PBXFileReference; lastKnownFileType = sourcecode.swift; path = "AVO.swiftpm/Modules/Biotech/BiotechDataToReviewBridge.swift"; sourceTree = "<group>";};
		D3F3B5C1C3E8252D06828712 = {isa = PBXBuildFile; fileRef = 8607D1ADFF3624E4C9D309FD;};
		4E88BC40E6CBF3892E9CFE80 = {isa = PBXFileReference; lastKnownFileType = sourcecode.swift; path = "AVO.swiftpm/Modules/Biotech/BiotechRecFloatingPanelV4.swift"; sourceTree = "<group>";};
		1588D1E90D234B45D9B649DB = {isa = PBXBuildFile; fileRef = 4E88BC40E6CBF3892E9CFE80;};
		F0FAD4F614308064165D2807 = {isa = PBXFileReference; lastKnownFileType = sourcecode.swift; path = "AVO.swiftpm/Modules/Biotech/BiotechCameraFrameOutputHook.swift"; sourceTree = "<group>";};
		775BE38E307ACA0FD95508D7 = {isa = PBXBuildFile; fileRef = F0FAD4F614308064165D2807;};
		966E16412E3792C7ED5828FA = {isa = PBXFileReference; lastKnownFileType = sourcecode.swift; path = "AVO.swiftpm/Modules/Biotech/BiotechCameraPreviewView.swift"; sourceTree = "<group>";};
		F3B17E0CE4C36B9CD22A8B8F = {isa = PBXBuildFile; fileRef = 966E16412E3792C7ED5828FA;};
		C1C425497D794E7D69A7FBB8 = {isa = PBXFileReference; lastKnownFileType = sourcecode.swift; path = "AVO.swiftpm/Modules/Biotech/AVOCameraOwnershipCoordinator.swift"; sourceTree = "<group>";};
		BF07A838C36CEFC627461EF2 = {isa = PBXBuildFile; fileRef = C1C425497D794E7D69A7FBB8;};
		A1FBFAF495723CDC4C913F48 = {isa = PBXFileReference; lastKnownFileType = sourcecode.swift; path = "AVO.swiftpm/Modules/Biotech/BiotechOverlayVisibilitySettingsPanel.swift"; sourceTree = "<group>";};
		1175899F8B4FF9464CC49437 = {isa = PBXBuildFile; fileRef = A1FBFAF495723CDC4C913F48;};
		E11A99CEBFC542C7AE855318 = {isa = PBXFileReference; lastKnownFileType = sourcecode.swift; path = "AVO.swiftpm/Modules/Biotech/BiotechCompleteSystemController.swift"; sourceTree = "<group>";};
		45F7C34A65EA0579532F1156 = {isa = PBXBuildFile; fileRef = E11A99CEBFC542C7AE855318;};
		898BE0C932FE53F25AB8A851 = {isa = PBXFileReference; lastKnownFileType = sourcecode.swift; path = "AVO.swiftpm/Modules/Biotech/AVODashboardCameraHandoff.swift"; sourceTree = "<group>";};
		548D5E706E44CA220B1D3D33 = {isa = PBXBuildFile; fileRef = 898BE0C932FE53F25AB8A851;};
		4CBF995B14871F3B0F0FED73 = {isa = PBXFileReference; lastKnownFileType = sourcecode.swift; path = "AVO.swiftpm/Modules/Biotech/AVOBiotechConnector.swift"; sourceTree = "<group>";};
		A8076ED19E521EA7EE4AA46A = {isa = PBXBuildFile; fileRef = 4CBF995B14871F3B0F0FED73;};
		FFA42D8D807475A2B6E54AE9 = {isa = PBXFileReference; lastKnownFileType = sourcecode.swift; path = "AVO.swiftpm/Modules/Biotech/BiotechCameraIntegratedHost.swift"; sourceTree = "<group>";};
		F63242C5170D2660D23296FF = {isa = PBXBuildFile; fileRef = FFA42D8D807475A2B6E54AE9;};
		9C4DF8EC8588AB387D4BA8BD = {isa = PBXFileReference; lastKnownFileType = sourcecode.swift; path = "AVO.swiftpm/Modules/Biotech/BiotechSessionVideoWriter.swift"; sourceTree = "<group>";};
		9BE91011D1A13D21FF2DC079 = {isa = PBXBuildFile; fileRef = 9C4DF8EC8588AB387D4BA8BD;};
		83E9A34D2EFAE777C38D4DDF = {isa = PBXFileReference; lastKnownFileType = sourcecode.swift; path = "AVO.swiftpm/Modules/Biotech/BiotechClinicalExportEngineV1.swift"; sourceTree = "<group>";};
		ADDADEB6B68CB71149138CCC = {isa = PBXBuildFile; fileRef = 83E9A34D2EFAE777C38D4DDF;};
		08DB26BD12DF475C966CD65B = {isa = PBXFileReference; lastKnownFileType = sourcecode.swift; path = "AVO.swiftpm/Modules/Biotech/ReviewTrainingFrameReceiver.swift"; sourceTree = "<group>";};
		3D554527E7819E896DC0E5EB = {isa = PBXBuildFile; fileRef = 08DB26BD12DF475C966CD65B;};
		B121561B764DEA47ADF8A2BA = {isa = PBXFileReference; lastKnownFileType = sourcecode.swift; path = "AVO.swiftpm/Modules/Biotech/BiotechStudioPanelV1.swift"; sourceTree = "<group>";};
		2332F2E61F007B466E2BE23C = {isa = PBXBuildFile; fileRef = B121561B764DEA47ADF8A2BA;};
		6433E78774EF6AF03FA20756 = {isa = PBXFileReference; lastKnownFileType = sourcecode.swift; path = "AVO.swiftpm/Modules/Biotech/BiotechPhase132ForcedOverlay.swift"; sourceTree = "<group>";};
		B54A458114DF3E05E0DE66BB = {isa = PBXBuildFile; fileRef = 6433E78774EF6AF03FA20756;};
		B15AC72D8864F3AFAE86C0A2 = {isa = PBXFileReference; lastKnownFileType = sourcecode.swift; path = "AVO.swiftpm/Modules/Biotech/AVOBiomechRealRecordingEngine.swift"; sourceTree = "<group>";};
		F03B2F0A403540DA21074485 = {isa = PBXBuildFile; fileRef = B15AC72D8864F3AFAE86C0A2;};
		E7A40D5AFC20C353872D5841 = {isa = PBXFileReference; lastKnownFileType = sourcecode.swift; path = "AVO.swiftpm/Modules/Biotech/BiotechDepthFusionEngineV1.swift"; sourceTree = "<group>";};
		A5B420076797960732092D23 = {isa = PBXBuildFile; fileRef = E7A40D5AFC20C353872D5841;};
		246879F369E0BB7E87463B20 = {isa = PBXFileReference; lastKnownFileType = sourcecode.swift; path = "AVO.swiftpm/Modules/Biotech/BiotechBiomechStudioEngineV1.swift"; sourceTree = "<group>";};
		1C27BC445853539F062BCDF7 = {isa = PBXBuildFile; fileRef = 246879F369E0BB7E87463B20;};
		EB22DEA321A3A50E2A4CB248 = {isa = PBXFileReference; lastKnownFileType = sourcecode.swift; path = "AVO.swiftpm/Modules/Biotech/BiotechToReviewSessionPipeline.swift"; sourceTree = "<group>";};
		64682482C2E81593A9B5BDE8 = {isa = PBXBuildFile; fileRef = EB22DEA321A3A50E2A4CB248;};
		0913DCFFA614F9F06046A697 = {isa = PBXFileReference; lastKnownFileType = sourcecode.swift; path = "AVO.swiftpm/Modules/Biotech/BiotechSelectedHorseCompactStrip.swift"; sourceTree = "<group>";};
		87990FC3376F3E4BE1F5860F = {isa = PBXBuildFile; fileRef = 0913DCFFA614F9F06046A697;};
		3945F77A93C8B291066C1889 = {isa = PBXFileReference; lastKnownFileType = sourcecode.swift; path = "AVO.swiftpm/Modules/Biotech/BiotechDataToggleButton.swift"; sourceTree = "<group>";};
		EAFB143D51D2B66BBD0ADE7A = {isa = PBXBuildFile; fileRef = 3945F77A93C8B291066C1889;};
		EFC2CED2D7A05DF0F11C657F = {isa = PBXFileReference; lastKnownFileType = sourcecode.swift; path = "AVO.swiftpm/Modules/Biotech/BiotechHorseSessionRecorder.swift"; sourceTree = "<group>";};
		45996EDAFEC32C1159032EEF = {isa = PBXBuildFile; fileRef = EFC2CED2D7A05DF0F11C657F;};
		C8933C24C4C7905A7ECFC3A7 = {isa = PBXFileReference; lastKnownFileType = sourcecode.swift; path = "AVO.swiftpm/Modules/AI/HorseAnatomyTracker.swift"; sourceTree = "<group>";};
		6C05C7F8A6D80FB5D471C9D3 = {isa = PBXBuildFile; fileRef = C8933C24C4C7905A7ECFC3A7;};
		5EF9D2C8CD3E2B550C755FCB = {isa = PBXFileReference; lastKnownFileType = sourcecode.swift; path = "AVO.swiftpm/Modules/AI/HorseBiomechAnalyzer.swift"; sourceTree = "<group>";};
		8C132048909E6384474B486F = {isa = PBXBuildFile; fileRef = 5EF9D2C8CD3E2B550C755FCB;};
		E6F57EAFF0658A6C91493741 = {isa = PBXFileReference; lastKnownFileType = sourcecode.swift; path = "AVO.swiftpm/Modules/AI/AVOBiomechAnalysisEnginePro.swift"; sourceTree = "<group>";};
		11D02C771BF2697FAC1A57C8 = {isa = PBXBuildFile; fileRef = E6F57EAFF0658A6C91493741;};
		41AE83A06E8A59F25208C646 = {isa = PBXFileReference; lastKnownFileType = sourcecode.swift; path = "AVO.swiftpm/Modules/AI/AVOIntegratedClinicalBiomechPipeline.swift"; sourceTree = "<group>";};
		66DCC65D160B29035D82A223 = {isa = PBXBuildFile; fileRef = 41AE83A06E8A59F25208C646;};
		B462E921201A876A90FE136C = {isa = PBXFileReference; lastKnownFileType = sourcecode.swift; path = "AVO.swiftpm/Modules/AI/BiomechOverlay.swift"; sourceTree = "<group>";};
		4CFE1E7E961BE1ABED2CD923 = {isa = PBXBuildFile; fileRef = B462E921201A876A90FE136C;};
		EAE6F4911BF738B809BABDB9 = {isa = PBXFileReference; lastKnownFileType = sourcecode.swift; path = "AVO.swiftpm/Modules/AI/HorseDetectorCoreML.swift"; sourceTree = "<group>";};
		0B133D11A2A4939F1B35F178 = {isa = PBXBuildFile; fileRef = EAE6F4911BF738B809BABDB9;};
		5F32D2E6F51CAB4E9A7DCF9E = {isa = PBXFileReference; lastKnownFileType = sourcecode.swift; path = "AVO.swiftpm/Modules/AI/AVOFullViewHorseSkeletonOverlay.swift"; sourceTree = "<group>";};
		9EFB7C85AB5DED209FD07D21 = {isa = PBXBuildFile; fileRef = 5F32D2E6F51CAB4E9A7DCF9E;};
		811D348F6E9F56ED8131D568 = {isa = PBXFileReference; lastKnownFileType = sourcecode.swift; path = "AVO.swiftpm/Modules/AI/AVOHorseBodyStateEngine.swift"; sourceTree = "<group>";};
		FA992454C6C371497D41CBF0 = {isa = PBXBuildFile; fileRef = 811D348F6E9F56ED8131D568;};
		D9416C0D61870256B25EB7E5 = {isa = PBXFileReference; lastKnownFileType = sourcecode.swift; path = "AVO.swiftpm/Modules/AI/HorsePoseCoreML.swift"; sourceTree = "<group>";};
		6C8D7F47E5084BE11174DC9C = {isa = PBXBuildFile; fileRef = D9416C0D61870256B25EB7E5;};
		68C76B8845C10B8CC15FAB30 = {isa = PBXFileReference; lastKnownFileType = sourcecode.swift; path = "AVO.swiftpm/Modules/AI/AVOGaitCycleAnalyzer.swift"; sourceTree = "<group>";};
		DE28A305BD73C518D3338F47 = {isa = PBXBuildFile; fileRef = 68C76B8845C10B8CC15FAB30;};
		1BF514AB2475C6B795F7B5F2 = {isa = PBXFileReference; lastKnownFileType = sourcecode.swift; path = "AVO.swiftpm/Modules/AI/BiomechScienceCompleteEngine.swift"; sourceTree = "<group>";};
		B114196817A9DE83630B9F29 = {isa = PBXBuildFile; fileRef = 1BF514AB2475C6B795F7B5F2;};
		0E623A048639B42F3881077B = {isa = PBXFileReference; lastKnownFileType = sourcecode.swift; path = "AVO.swiftpm/Modules/AI/AVOHorseTrackingQualityGate.swift"; sourceTree = "<group>";};
		E8AAD32681DB0D9641D35D78 = {isa = PBXBuildFile; fileRef = 0E623A048639B42F3881077B;};
		2FD2D54B8D93126C011D5895 = {isa = PBXFileReference; lastKnownFileType = sourcecode.swift; path = "AVO.swiftpm/Modules/AI/AVOLamenessMonitor.swift"; sourceTree = "<group>";};
		F9626075107EA37961177D6F = {isa = PBXBuildFile; fileRef = 2FD2D54B8D93126C011D5895;};
		55A36C354D3232256DF404B8 = {isa = PBXFileReference; lastKnownFileType = sourcecode.swift; path = "AVO.swiftpm/Modules/AI/BiomechScienceSystemController.swift"; sourceTree = "<group>";};
		BA6B71313361A52E0AA7BD21 = {isa = PBXBuildFile; fileRef = 55A36C354D3232256DF404B8;};
		B4CEE31BFB2F33EC90F73EBF = {isa = PBXFileReference; lastKnownFileType = sourcecode.swift; path = "AVO.swiftpm/Modules/AI/AVOBiomechFullPage.swift"; sourceTree = "<group>";};
		F6FCF2B7693837F7ACC21B62 = {isa = PBXBuildFile; fileRef = B4CEE31BFB2F33EC90F73EBF;};
		26818C2835EC7EE4A3C1BA52 = {isa = PBXFileReference; lastKnownFileType = sourcecode.swift; path = "AVO.swiftpm/Modules/AI/HorseSubjectSegmenter.swift"; sourceTree = "<group>";};
		CA9686553266C43185B67617 = {isa = PBXBuildFile; fileRef = 26818C2835EC7EE4A3C1BA52;};
		691526AF95F7889D1B0F5302 = {isa = PBXFileReference; lastKnownFileType = sourcecode.swift; path = "AVO.swiftpm/Modules/AI/AVOHorseBiomechAIEngine.swift"; sourceTree = "<group>";};
		1860C68D0586B3E4E69C08E1 = {isa = PBXBuildFile; fileRef = 691526AF95F7889D1B0F5302;};
		48B232D7A64AA8BEE2CB1E4E = {isa = PBXFileReference; lastKnownFileType = sourcecode.swift; path = "AVO.swiftpm/Modules/Review/ReviewProBiomechChartsPanel.swift"; sourceTree = "<group>";};
		123A7858C0C74A80A608CFDF = {isa = PBXBuildFile; fileRef = 48B232D7A64AA8BEE2CB1E4E;};
		AA434734A2F9783196A12CD1 = {isa = PBXFileReference; lastKnownFileType = sourcecode.swift; path = "AVO.swiftpm/Modules/Review/ReviewProRenderCacheV1.swift"; sourceTree = "<group>";};
		9F267248E86FB57517B05CF0 = {isa = PBXBuildFile; fileRef = AA434734A2F9783196A12CD1;};
		FB88A16491FD2527AD53DB6C = {isa = PBXFileReference; lastKnownFileType = sourcecode.swift; path = "AVO.swiftpm/Modules/Review/AVOReviewConnector.swift"; sourceTree = "<group>";};
		95FCC0265B85C12C3CE2A852 = {isa = PBXBuildFile; fileRef = FB88A16491FD2527AD53DB6C;};
		3F5A69F7909CABA74F05413B = {isa = PBXFileReference; lastKnownFileType = sourcecode.swift; path = "AVO.swiftpm/Modules/Review/AVOReviewProPhase98PencilQuality.swift"; sourceTree = "<group>";};
		DC70EF5E7ADC4DCC83B173A6 = {isa = PBXBuildFile; fileRef = 3F5A69F7909CABA74F05413B;};
		AC190D21B7CAB26CC8AE9B24 = {isa = PBXFileReference; lastKnownFileType = sourcecode.swift; path = "AVO.swiftpm/Modules/Review/ReviewCompactSystemsDock.swift"; sourceTree = "<group>";};
		A8C74C1BEC55595AA10FE711 = {isa = PBXBuildFile; fileRef = AC190D21B7CAB26CC8AE9B24;};
		77CC72ECC07CF3A929D598DC = {isa = PBXFileReference; lastKnownFileType = sourcecode.swift; path = "AVO.swiftpm/Modules/Review/HorseDatasetReviewView.swift"; sourceTree = "<group>";};
		A9F2928EC15941279CABF053 = {isa = PBXBuildFile; fileRef = 77CC72ECC07CF3A929D598DC;};
		629FFA8CF80C2003E1EE91FD = {isa = PBXFileReference; lastKnownFileType = sourcecode.swift; path = "AVO.swiftpm/Modules/Review/ReviewAutoCorrectionLearningEngine.swift"; sourceTree = "<group>";};
		94BEED44DC6D8517CD083167 = {isa = PBXBuildFile; fileRef = 629FFA8CF80C2003E1EE91FD;};
		7EE9154E146F84CA01F37896 = {isa = PBXFileReference; lastKnownFileType = sourcecode.swift; path = "AVO.swiftpm/Modules/Review/ReviewAutoCorrectRuntimeBridge.swift"; sourceTree = "<group>";};
		41E646EE5F3E512A79DA3E35 = {isa = PBXBuildFile; fileRef = 7EE9154E146F84CA01F37896;};
		349AA6C97598787585C838E1 = {isa = PBXFileReference; lastKnownFileType = sourcecode.swift; path = "AVO.swiftpm/Modules/Review/ReviewProAnnotatedVideoWriter.swift"; sourceTree = "<group>";};
		EE82D40A65F662041ACA6428 = {isa = PBXBuildFile; fileRef = 349AA6C97598787585C838E1;};
		B472693A8BA086AA787F40CD = {isa = PBXFileReference; lastKnownFileType = sourcecode.swift; path = "AVO.swiftpm/Modules/Review/ReviewProTemporalAutoPoseComplete.swift"; sourceTree = "<group>";};
		6BF497C73DCE2CDFFD8E6E55 = {isa = PBXBuildFile; fileRef = B472693A8BA086AA787F40CD;};
		8FEE2442F758A3179FD75BE3 = {isa = PBXFileReference; lastKnownFileType = sourcecode.swift; path = "AVO.swiftpm/Modules/Review/ReviewAutoCorrectionLearningPanel.swift"; sourceTree = "<group>";};
		EA5FF0260C76CF0116237C54 = {isa = PBXBuildFile; fileRef = 8FEE2442F758A3179FD75BE3;};
		75E808ADEE72C421D8611604 = {isa = PBXFileReference; lastKnownFileType = sourcecode.swift; path = "AVO.swiftpm/Modules/Review/ReplayChartBox.swift"; sourceTree = "<group>";};
		290FA20EE99AE874756C7A35 = {isa = PBXBuildFile; fileRef = 75E808ADEE72C421D8611604;};
		E77748F5387148F7E9C607B0 = {isa = PBXFileReference; lastKnownFileType = sourcecode.swift; path = "AVO.swiftpm/Modules/Review/ReviewProCompleteVideoEngine.swift"; sourceTree = "<group>";};
		BB55A15B487D1EFB9AEA882A = {isa = PBXBuildFile; fileRef = E77748F5387148F7E9C607B0;};
		C0C37434DBDA8BB57FAC764B = {isa = PBXFileReference; lastKnownFileType = sourcecode.swift; path = "AVO.swiftpm/Modules/Review/ReviewCorrectionMemoryStore.swift"; sourceTree = "<group>";};
		76E40F45173BB99913AA8692 = {isa = PBXBuildFile; fileRef = C0C37434DBDA8BB57FAC764B;};
		7D8ACD1CA18E2A9FA0540425 = {isa = PBXFileReference; lastKnownFileType = sourcecode.swift; path = "AVO.swiftpm/Modules/Review/ReviewProPhase102IntegrationGuide.swift"; sourceTree = "<group>";};
		1180E803D730FD34CE063424 = {isa = PBXBuildFile; fileRef = 7D8ACD1CA18E2A9FA0540425;};
		D916CE8952623E1D49EA3516 = {isa = PBXFileReference; lastKnownFileType = sourcecode.swift; path = "AVO.swiftpm/Modules/Review/ReviewAutoCorrectButton.swift"; sourceTree = "<group>";};
		028DA7929E29E09F23FCA2EE = {isa = PBXBuildFile; fileRef = D916CE8952623E1D49EA3516;};
		92143DBF54466D00201AEBB5 = {isa = PBXFileReference; lastKnownFileType = sourcecode.swift; path = "AVO.swiftpm/Modules/Review/ReviewProSessionPackageExporter.swift"; sourceTree = "<group>";};
		8668E9568633C5687A9D57AB = {isa = PBXBuildFile; fileRef = 92143DBF54466D00201AEBB5;};
		01BBC7FF7D41ABF74884153C = {isa = PBXFileReference; lastKnownFileType = sourcecode.swift; path = "AVO.swiftpm/Modules/Review/ReviewProAdvancedHUDView.swift"; sourceTree = "<group>";};
		4B6BD1E6C738E746652AF6A1 = {isa = PBXBuildFile; fileRef = 01BBC7FF7D41ABF74884153C;};
		F451DCE7C1563C74B9C02A09 = {isa = PBXFileReference; lastKnownFileType = sourcecode.swift; path = "AVO.swiftpm/Modules/Review/ReviewProPhase103IntegratedPanel.swift"; sourceTree = "<group>";};
		A087783FA1E67E73EF31596C = {isa = PBXBuildFile; fileRef = F451DCE7C1563C74B9C02A09;};
		EAE957B844930B993A84BB0B = {isa = PBXFileReference; lastKnownFileType = sourcecode.swift; path = "AVO.swiftpm/Modules/Review/ReviewAutoCorrectIntegratedHost.swift"; sourceTree = "<group>";};
		1D6C6EF041EF37C558A0DC5F = {isa = PBXBuildFile; fileRef = EAE957B844930B993A84BB0B;};
		990008774334BB33848EE64B = {isa = PBXFileReference; lastKnownFileType = sourcecode.swift; path = "AVO.swiftpm/Modules/Review/ReviewProBiomechCompleteEngine.swift"; sourceTree = "<group>";};
		CC60BD804CD7B0A42B93F63E = {isa = PBXBuildFile; fileRef = 990008774334BB33848EE64B;};
		ED2D04CD267AE14F92530488 = {isa = PBXFileReference; lastKnownFileType = sourcecode.swift; path = "AVO.swiftpm/Modules/Review/ReviewProPhase104WorkflowExtensions.swift"; sourceTree = "<group>";};
		20158DED51A2F7CF40151E5F = {isa = PBXBuildFile; fileRef = ED2D04CD267AE14F92530488;};
		0713625A4AD3274540A38C21 = {isa = PBXFileReference; lastKnownFileType = sourcecode.swift; path = "AVO.swiftpm/Modules/Review/AVOReviewProPhase98TemporalBiomech.swift"; sourceTree = "<group>";};
		D33F2B90B24BCC4EB92B8AAE = {isa = PBXBuildFile; fileRef = 0713625A4AD3274540A38C21;};
		C7B9F125CCAA55A0442F4134 = {isa = PBXFileReference; lastKnownFileType = sourcecode.swift; path = "AVO.swiftpm/Modules/Review/ReviewCompleteSystemController.swift"; sourceTree = "<group>";};
		4A31AE71F3DBECB8007A1F83 = {isa = PBXBuildFile; fileRef = C7B9F125CCAA55A0442F4134;};
		F8EFEFC85D3A28E913BB8E66 = {isa = PBXFileReference; lastKnownFileType = sourcecode.swift; path = "AVO.swiftpm/Modules/Review/AVOReviewProPhase98VideoEngine.swift"; sourceTree = "<group>";};
		3B67B9EFB7AC92E102629A14 = {isa = PBXBuildFile; fileRef = F8EFEFC85D3A28E913BB8E66;};
		A47E46E34B479FAC57257CF1 = {isa = PBXFileReference; lastKnownFileType = sourcecode.swift; path = "AVO.swiftpm/Modules/Review/ReviewTemporalAutoPoseClosureEngine.swift"; sourceTree = "<group>";};
		08A9B113231835C639C976E5 = {isa = PBXBuildFile; fileRef = A47E46E34B479FAC57257CF1;};
		11066B0190A7FBA77A8626C2 = {isa = PBXFileReference; lastKnownFileType = sourcecode.swift; path = "AVO.swiftpm/Modules/Review/AVOReviewProRealPages.swift"; sourceTree = "<group>";};
		C0DAFB359B8D920401C569D8 = {isa = PBXBuildFile; fileRef = 11066B0190A7FBA77A8626C2;};
		4D3344B4C0D4F026D736DDAA = {isa = PBXFileReference; lastKnownFileType = sourcecode.swift; path = "AVO.swiftpm/Modules/Review/PDFPreview.swift"; sourceTree = "<group>";};
		C12ABC6FC079E4F3F568F4D0 = {isa = PBXBuildFile; fileRef = 4D3344B4C0D4F026D736DDAA;};
		537DD388E1FA84F29C85BF3C = {isa = PBXFileReference; lastKnownFileType = sourcecode.swift; path = "AVO.swiftpm/Modules/Review/ReviewProGPUSchedulerV1.swift"; sourceTree = "<group>";};
		FE21B41573F61D2F52F33A3D = {isa = PBXBuildFile; fileRef = 537DD388E1FA84F29C85BF3C;};
		0E1DA2BC5E727E9074A526EB = {isa = PBXFileReference; lastKnownFileType = sourcecode.swift; path = "AVO.swiftpm/Modules/Review/ReviewAutoCorrectButtonIntegration.swift"; sourceTree = "<group>";};
		762BDC2F11DB2D64EB28BA96 = {isa = PBXBuildFile; fileRef = 0E1DA2BC5E727E9074A526EB;};
		0D85AA9062213E3F5B914D71 = {isa = PBXFileReference; lastKnownFileType = sourcecode.swift; path = "AVO.swiftpm/Modules/Review/ReviewProMultiHorseTrackingV1.swift"; sourceTree = "<group>";};
		A4978ED48FC9DCC8CBEBE92A = {isa = PBXBuildFile; fileRef = 0D85AA9062213E3F5B914D71;};
		E8B178E164E5F22F28F806AB = {isa = PBXFileReference; lastKnownFileType = sourcecode.swift; path = "AVO.swiftpm/Modules/Review/ReviewAutoCorrectDataAdapter.swift"; sourceTree = "<group>";};
		502BFD4452CEE3AA19DD7E0B = {isa = PBXBuildFile; fileRef = E8B178E164E5F22F28F806AB;};
		A85E968A35B2DB5C9EE1F2B8 = {isa = PBXFileReference; lastKnownFileType = sourcecode.swift; path = "AVO.swiftpm/Modules/Review/AVOReviewProRealEngines.swift"; sourceTree = "<group>";};
		71E54C83AF78A1C543ED5C35 = {isa = PBXBuildFile; fileRef = A85E968A35B2DB5C9EE1F2B8;};
		FA7205C53C97276D0F40F0D1 = {isa = PBXFileReference; lastKnownFileType = sourcecode.swift; path = "AVO.swiftpm/Modules/Review/AVOReviewProModules.swift"; sourceTree = "<group>";};
		051BC73110A7EA038C75D046 = {isa = PBXBuildFile; fileRef = FA7205C53C97276D0F40F0D1;};
		D7CF68E534E68E7D6D5EC664 = {isa = PBXFileReference; lastKnownFileType = sourcecode.swift; path = "AVO.swiftpm/Modules/Review/ReviewAutoCorrectionIntegrationGuide.swift"; sourceTree = "<group>";};
		C733AF4001340E80192A71A6 = {isa = PBXBuildFile; fileRef = D7CF68E534E68E7D6D5EC664;};
		9C68F1AF122EA4E537336E7B = {isa = PBXFileReference; lastKnownFileType = sourcecode.swift; path = "AVO.swiftpm/Modules/Review/ReviewAutoCorrectFloatingDock.swift"; sourceTree = "<group>";};
		457907EA3EA7404C16EB4044 = {isa = PBXBuildFile; fileRef = 9C68F1AF122EA4E537336E7B;};
		1542ED48BBD579A9FC8B1065 = {isa = PBXFileReference; lastKnownFileType = sourcecode.swift; path = "AVO.swiftpm/Modules/Review/ReviewProExportReportEngine.swift"; sourceTree = "<group>";};
		33C559A5E9EB9A0B1360F664 = {isa = PBXBuildFile; fileRef = 1542ED48BBD579A9FC8B1065;};
		89FCEB9A18634D877834C36D = {isa = PBXFileReference; lastKnownFileType = sourcecode.swift; path = "AVO.swiftpm/Modules/Review/AVOReplayFullPage.swift"; sourceTree = "<group>";};
		59A9E0599F3BD2D7EA7A7507 = {isa = PBXBuildFile; fileRef = 89FCEB9A18634D877834C36D;};
		70B9E44331AAABBE89E56779 = {isa = PBXFileReference; lastKnownFileType = sourcecode.swift; path = "AVO.swiftpm/Modules/Review/ReviewProWorkflowController.swift"; sourceTree = "<group>";};
		869B939C5AD96E1122238210 = {isa = PBXBuildFile; fileRef = 70B9E44331AAABBE89E56779;};
		8BFAEC1B764234F16D884A03 = {isa = PBXFileReference; lastKnownFileType = sourcecode.swift; path = "AVO.swiftpm/Modules/Review/ReviewProAnnotatedVideoExportEngine.swift"; sourceTree = "<group>";};
		D577648F295F5B87AFEAB7A9 = {isa = PBXBuildFile; fileRef = 8BFAEC1B764234F16D884A03;};
		CEF656B474EDDC7C9350CA4B = {isa = PBXFileReference; lastKnownFileType = sourcecode.swift; path = "AVO.swiftpm/Modules/Review/AVOVideoEvidenceEditorView.swift"; sourceTree = "<group>";};
		60DD8DB2447DACE577C82276 = {isa = PBXBuildFile; fileRef = CEF656B474EDDC7C9350CA4B;};
		E0260355487DA7AF50E7F36E = {isa = PBXFileReference; lastKnownFileType = sourcecode.swift; path = "AVO.swiftpm/Modules/Dataset/AVOCoreMLTrainingEcosystem.swift"; sourceTree = "<group>";};
		E5489117338AB7033547B4AC = {isa = PBXBuildFile; fileRef = E0260355487DA7AF50E7F36E;};
		26867C612711545A03D3211B = {isa = PBXFileReference; lastKnownFileType = sourcecode.swift; path = "AVO.swiftpm/Modules/Dataset/AVOTrainingDatasetValidator.swift"; sourceTree = "<group>";};
		895F5A3E0AE3167D1B5A8D73 = {isa = PBXBuildFile; fileRef = 26867C612711545A03D3211B;};
		D2480979996809268C6537A1 = {isa = PBXFileReference; lastKnownFileType = sourcecode.swift; path = "AVO.swiftpm/Modules/Dataset/HorseDatasetManager.swift"; sourceTree = "<group>";};
		94D06C8B582B30490B237550 = {isa = PBXBuildFile; fileRef = D2480979996809268C6537A1;};
		E441456F750E79B43437A0EA = {isa = PBXFileReference; lastKnownFileType = sourcecode.swift; path = "AVO.swiftpm/Modules/Dataset/HorseDatasetPostProcessor.swift"; sourceTree = "<group>";};
		F65337F263917A322898A39D = {isa = PBXBuildFile; fileRef = E441456F750E79B43437A0EA;};
		7BF3A0054A1165376132F776 = {isa = PBXFileReference; lastKnownFileType = sourcecode.swift; path = "AVO.swiftpm/Modules/Dataset/AVOLiveTrainingDashboardPage.swift"; sourceTree = "<group>";};
		5130060DC8B7E4BF9C7B29B0 = {isa = PBXBuildFile; fileRef = 7BF3A0054A1165376132F776;};
		E0083909EEA499E67185A884 = {isa = PBXFileReference; lastKnownFileType = sourcecode.swift; path = "AVO.swiftpm/Modules/Dataset/AVOModelImportRegistryPanel.swift"; sourceTree = "<group>";};
		CEF1E80DF9C0662FA6EF9DC3 = {isa = PBXBuildFile; fileRef = E0083909EEA499E67185A884;};
		75CC1DF7E9163D67819582A2 = {isa = PBXFileReference; lastKnownFileType = sourcecode.swift; path = "AVO.swiftpm/Modules/Dataset/AVOTrainingRobustnessCore.swift"; sourceTree = "<group>";};
		084EEEDB0FA7DB978829EFB4 = {isa = PBXBuildFile; fileRef = 75CC1DF7E9163D67819582A2;};
		B76D36B925A2A661A3E852A8 = {isa = PBXFileReference; lastKnownFileType = sourcecode.swift; path = "AVO.swiftpm/Modules/Dataset/DatasetFolderImporter.swift"; sourceTree = "<group>";};
		F048036B329E2B6981428AAD = {isa = PBXBuildFile; fileRef = B76D36B925A2A661A3E852A8;};
		1DEF9A0B81B657CAAD6F411E = {isa = PBXFileReference; lastKnownFileType = sourcecode.swift; path = "AVO.swiftpm/Modules/Dataset/AVODashboardSettingsPage.swift"; sourceTree = "<group>";};
		1818F3364B4E21A99B4CDFC9 = {isa = PBXBuildFile; fileRef = 1DEF9A0B81B657CAAD6F411E;};
		6F7A5EF6DAE507770ECFB660 = {isa = PBXFileReference; lastKnownFileType = sourcecode.swift; path = "AVO.swiftpm/Modules/Dataset/DatasetQualityManager.swift"; sourceTree = "<group>";};
		08920D60788AC95C3EECE56E = {isa = PBXBuildFile; fileRef = 6F7A5EF6DAE507770ECFB660;};
		A835EEEE0E0CEA756FD0E9A1 = {isa = PBXFileReference; lastKnownFileType = sourcecode.swift; path = "AVO.swiftpm/Modules/Dataset/AVOTrainingGeofenceEditorPage.swift"; sourceTree = "<group>";};
		9C96FE53B6E636AC3756337E = {isa = PBXBuildFile; fileRef = A835EEEE0E0CEA756FD0E9A1;};
		95205A4646AD08E047313903 = {isa = PBXFileReference; lastKnownFileType = sourcecode.swift; path = "AVO.swiftpm/Modules/Dataset/ModelImporterView.swift"; sourceTree = "<group>";};
		93F89275631943C944D730D4 = {isa = PBXBuildFile; fileRef = 95205A4646AD08E047313903;};
		AC08E3422F5EA4BDB813D76D = {isa = PBXFileReference; lastKnownFileType = sourcecode.swift; path = "AVO.swiftpm/Modules/Hardware/AVOSensorsFullPage.swift"; sourceTree = "<group>";};
		28A3FF855C8853F82E7DEA31 = {isa = PBXBuildFile; fileRef = AC08E3422F5EA4BDB813D76D;};
		7604BD640D8F541C0EF5AC2F = {isa = PBXFileReference; lastKnownFileType = sourcecode.swift; path = "AVO.swiftpm/Modules/Hardware/AVOHardwareFullPage.swift"; sourceTree = "<group>";};
		63C91ECD6B367460CF399228 = {isa = PBXBuildFile; fileRef = 7604BD640D8F541C0EF5AC2F;};
		4D42F1A3CB0C7413C34BBEF4 = {isa = PBXFileReference; lastKnownFileType = sourcecode.swift; path = "AVO.swiftpm/Modules/Hardware/HardwareReceiver.swift"; sourceTree = "<group>";};
		686BDD97BD9B12CF5578E089 = {isa = PBXBuildFile; fileRef = 4D42F1A3CB0C7413C34BBEF4;};
		19645FA4A8BE05402CB9506A = {isa = PBXFileReference; lastKnownFileType = sourcecode.swift; path = "AVO.swiftpm/Modules/Hardware/AVOTelemetryFusionEngine.swift"; sourceTree = "<group>";};
		FBCE96016F6482EEFF30919B = {isa = PBXBuildFile; fileRef = 19645FA4A8BE05402CB9506A;};
		492A1C208344C1362593E32C = {isa = PBXFileReference; lastKnownFileType = sourcecode.swift; path = "AVO.swiftpm/Modules/Hardware/LocationManager.swift"; sourceTree = "<group>";};
		26F735933D8D74B0646419C9 = {isa = PBXBuildFile; fileRef = 492A1C208344C1362593E32C;};
		1D1B087E388FE733B868B8C9 = {isa = PBXFileReference; lastKnownFileType = sourcecode.swift; path = "AVO.swiftpm/Modules/Hardware/AVONFCSessionBridge.swift"; sourceTree = "<group>";};
		58D0257FD9B3510B3775AE6F = {isa = PBXBuildFile; fileRef = 1D1B087E388FE733B868B8C9;};
		65837BAC2C8640DBB2BA8EBB = {isa = PBXFileReference; lastKnownFileType = sourcecode.swift; path = "AVO.swiftpm/Modules/Hardware/SensorHub.swift"; sourceTree = "<group>";};
		4D676E59551FB1542BC2CF58 = {isa = PBXBuildFile; fileRef = 65837BAC2C8640DBB2BA8EBB;};
		C3EDB840EFD292930B8C1637 = {isa = PBXFileReference; lastKnownFileType = sourcecode.swift; path = "AVO.swiftpm/Modules/Hardware/AVOHardwareTelemetryHub.swift"; sourceTree = "<group>";};
		D1D8056E4FD3EDDD62579245 = {isa = PBXBuildFile; fileRef = C3EDB840EFD292930B8C1637;};
		1EFD52F79772C8AA34008F9D = {isa = PBXFileReference; lastKnownFileType = sourcecode.swift; path = "AVO.swiftpm/Modules/Settings/AVOMetricCalibrationCenter.swift"; sourceTree = "<group>";};
		EE1843A258E88F895F14AA72 = {isa = PBXBuildFile; fileRef = 1EFD52F79772C8AA34008F9D;};
		0483712A2D12B3A955DE02B2 = {isa = PBXFileReference; lastKnownFileType = sourcecode.swift; path = "AVO.swiftpm/Modules/Settings/AVOHubConfigurationPage.swift"; sourceTree = "<group>";};
		692374947621E86C47DE0461 = {isa = PBXBuildFile; fileRef = 0483712A2D12B3A955DE02B2;};
		715C7ECB04DFCBCE1B31ED21 = {isa = PBXFileReference; lastKnownFileType = sourcecode.swift; path = "AVO.swiftpm/Modules/Settings/AVOAITrainingSettingsPage.swift"; sourceTree = "<group>";};
		9B5FCE017696603EF74DD52D = {isa = PBXBuildFile; fileRef = 715C7ECB04DFCBCE1B31ED21;};
		D6539F9C686002706FC95AA3 = {isa = PBXFileReference; lastKnownFileType = sourcecode.swift; path = "AVO.swiftpm/Modules/Settings/AVOSettingsFullPage.swift"; sourceTree = "<group>";};
		DB94CC9B097F2267D769A46F = {isa = PBXBuildFile; fileRef = D6539F9C686002706FC95AA3;};
		872F17E03A89F21511FB5941 = {isa = PBXFileReference; lastKnownFileType = sourcecode.swift; path = "AVO.swiftpm/Modules/Launch/AVOHomeLauncherView.swift"; sourceTree = "<group>";};
		6FC648DCB207C4DD6F661FFF = {isa = PBXBuildFile; fileRef = 872F17E03A89F21511FB5941;};
		806EB8BF5CD0898F6C6578DC = {isa = PBXFileReference; lastKnownFileType = sourcecode.swift; path = "AVO.swiftpm/Modules/Launch/AVOVisualEditorPage.swift"; sourceTree = "<group>";};
		87AC5FD905922E35150D1839 = {isa = PBXBuildFile; fileRef = 806EB8BF5CD0898F6C6578DC;};
		E5419DB3C90EBA887B50B01D = {isa = PBXFileReference; lastKnownFileType = sourcecode.swift; path = "AVO.swiftpm/Modules/Launch/AVORootLauncherShell.swift"; sourceTree = "<group>";};
		3FFFBB04CE0F10C0FBDCD470 = {isa = PBXBuildFile; fileRef = E5419DB3C90EBA887B50B01D;};
		A2A2710606ECC7A2F501009E = {isa = PBXFileReference; lastKnownFileType = sourcecode.swift; path = "AVO.swiftpm/Modules/Profiles/StableSessionManager.swift"; sourceTree = "<group>";};
		CDFCA9495918DE9D73EF3F1B = {isa = PBXBuildFile; fileRef = A2A2710606ECC7A2F501009E;};
		BE8E1E1258EB6D0B42502E47 = {isa = PBXFileReference; lastKnownFileType = sourcecode.swift; path = "AVO.swiftpm/Modules/Profiles/AVOProfilesFullPage.swift"; sourceTree = "<group>";};
		C21AC335C1770B34241B0CEE = {isa = PBXBuildFile; fileRef = BE8E1E1258EB6D0B42502E47;};
		0462AAA30552F070883B0E32 = {isa = PBXFileReference; lastKnownFileType = sourcecode.swift; path = "AVO.swiftpm/Modules/Profiles/AVOStableRegistry.swift"; sourceTree = "<group>";};
		8E8F7E3BD242FB7BC0D57AB0 = {isa = PBXBuildFile; fileRef = 0462AAA30552F070883B0E32;};
		F3196942B27C3AA8106F9656 = {isa = PBXFileReference; lastKnownFileType = sourcecode.swift; path = "AVO.swiftpm/Modules/Devices/AVODeviceConfigurationPage.swift"; sourceTree = "<group>";};
		D290ACDD0977FEEFA00D31F6 = {isa = PBXBuildFile; fileRef = F3196942B27C3AA8106F9656;};
		727727993813622098F023C7 = {isa = PBXFileReference; lastKnownFileType = sourcecode.swift; path = "AVO.swiftpm/Modules/Devices/AVODeviceConfigurationModel.swift"; sourceTree = "<group>";};
		2C372A409B18233BB5C907C7 = {isa = PBXBuildFile; fileRef = 727727993813622098F023C7;};
		B54AB56E3BB0C16BBC4602BA = {isa = PBXFileReference; lastKnownFileType = sourcecode.swift; path = "AVO.swiftpm/Modules/Reports/HorseDatasetExportView.swift"; sourceTree = "<group>";};
		A9680461C60ACE258BA4CCFE = {isa = PBXBuildFile; fileRef = B54AB56E3BB0C16BBC4602BA;};
		00149558C059667FD396D437 = {isa = PBXFileReference; lastKnownFileType = sourcecode.swift; path = "AVO.swiftpm/Modules/Reports/AVOReportCenterPage.swift"; sourceTree = "<group>";};
		22476F26E97D6D59CFD8C42F = {isa = PBXBuildFile; fileRef = 00149558C059667FD396D437;};
		590DA2DB8881EC40C64850D1 = {isa = PBXFileReference; lastKnownFileType = sourcecode.swift; path = "AVO.swiftpm/Modules/Reports/HorseDatasetExporter.swift"; sourceTree = "<group>";};
		5318804E80D222E6AEE5B59F = {isa = PBXBuildFile; fileRef = 590DA2DB8881EC40C64850D1;};
		56D107F64908AA14841CE6EF = {isa = PBXFileReference; lastKnownFileType = sourcecode.swift; path = "AVO.swiftpm/Modules/Reports/AVOExportReportCompleteSystem.swift"; sourceTree = "<group>";};
		4AC5BBF2329F7FDFB9B46AF1 = {isa = PBXBuildFile; fileRef = 56D107F64908AA14841CE6EF;};
		B700FF9607A10925AE61B030 = {isa = PBXFileReference; lastKnownFileType = sourcecode.swift; path = "AVO.swiftpm/Modules/Reports/LatestExportSharer.swift"; sourceTree = "<group>";};
		F9F9834C92F32917F90F062C = {isa = PBXBuildFile; fileRef = B700FF9607A10925AE61B030;};
		0069AD8890761B4184E7AA02 = {isa = PBXFileReference; lastKnownFileType = sourcecode.swift; path = "AVO.swiftpm/Modules/Reports/PDFReportManager.swift"; sourceTree = "<group>";};
		A071E16FC09D6A4AF7066AC3 = {isa = PBXBuildFile; fileRef = 0069AD8890761B4184E7AA02;};
		83572F31C1160B7DEC5CEAAC = {isa = PBXFileReference; lastKnownFileType = folder.assetcatalog; path = "AVO.swiftpm/Assets.xcassets"; sourceTree = "<group>";};
		99207713C3320E042ED490B0 = {isa = PBXBuildFile; fileRef = 83572F31C1160B7DEC5CEAAC;};
		067702F90C6D4B47C90E7674 = {isa = PBXFileReference; lastKnownFileType = folder; path = "AVO.swiftpm/Resources"; sourceTree = "<group>";};
		EEC838B5D94206395442E7DE = {isa = PBXBuildFile; fileRef = 067702F90C6D4B47C90E7674;};
		099A23907E15F8111B562CD0 = {isa = PBXFileReference; lastKnownFileType = wrapper.mlpackage; path = "AVO.swiftpm/AVOHorsePose.mlpackage"; sourceTree = "<group>";};
		01145FE412C7DE87016B5D39 = {isa = PBXBuildFile; fileRef = 099A23907E15F8111B562CD0;};
		CAF9B6B99962BF5C22648242 = {isa = PBXFileReference; lastKnownFileType = text.plist.xml; path = AVOPerformanceHorse/Info.plist; sourceTree = "<group>";};
		645EC79F22BEC5EFE970061D = {isa = PBXFileReference; lastKnownFileType = text.plist.entitlements; path = AVOPerformanceHorse/AVOPerformanceHorse.entitlements; sourceTree = "<group>";};
		3345247A31290EDC45601D7A = {isa = PBXFileReference; explicitFileType = wrapper.application; includeInIndex = 0; path = AVOPerformanceHorse.app; sourceTree = BUILT_PRODUCTS_DIR;};
		D8459709F6D9BD48D2B42821 = {isa = PBXGroup; children = (
				FA0143C89DBEEC369519E372,
				AA9E33565298D944B312A914,
				1F4B89BC1C70D9ECCF287716,
				0DF9AA0998C0984C3389B8A7,
				284ED59BC333CE0B37FEEDE7,
				54A8859FC2A1E86943D74976,
				2F495047E0B785411D952B94,
				068B2705721699845A8A2B9C,
				48FFBE81E5D9F192589FEB44,
				73C8FCD0C970E792BAD3F693,
				FC8B8DB9259E40CBD2E7A751,
				80794B9E7902AF0BF09B7BF8,
				63E8E6C6073438ABCF5835C7,
				03CC42B431E7FF4718BFD44E,
				A5A45BDF5B871F8CAD6F7797,
				9C8095214C2D7B5A3736A00E,
				237627B0AA9B94D7967380B1,
				F0ECBDC9B08145C0C89C7BCB,
				81EE8F17D604A1A81F10850D,
				310686CEA886600CF1B4549A,
				C8C6BF45DC0A404499F5C658,
				FF11F0D4712F1527DC8E649F,
				E0A296B8A63EF88D23679BDD,
				1EEB1689737A5901FE4C2BDD,
				096AE73EF13A48EF05FA3E83,
				04BD4A0E5209A52E372E8E0A,
				78743422240AF64D0FC1D8A0,
				8607D1ADFF3624E4C9D309FD,
				4E88BC40E6CBF3892E9CFE80,
				F0FAD4F614308064165D2807,
				966E16412E3792C7ED5828FA,
				C1C425497D794E7D69A7FBB8,
				A1FBFAF495723CDC4C913F48,
				E11A99CEBFC542C7AE855318,
				898BE0C932FE53F25AB8A851,
				4CBF995B14871F3B0F0FED73,
				FFA42D8D807475A2B6E54AE9,
				9C4DF8EC8588AB387D4BA8BD,
				83E9A34D2EFAE777C38D4DDF,
				08DB26BD12DF475C966CD65B,
				B121561B764DEA47ADF8A2BA,
				6433E78774EF6AF03FA20756,
				B15AC72D8864F3AFAE86C0A2,
				E7A40D5AFC20C353872D5841,
				246879F369E0BB7E87463B20,
				EB22DEA321A3A50E2A4CB248,
				0913DCFFA614F9F06046A697,
				3945F77A93C8B291066C1889,
				EFC2CED2D7A05DF0F11C657F,
				C8933C24C4C7905A7ECFC3A7,
				5EF9D2C8CD3E2B550C755FCB,
				E6F57EAFF0658A6C91493741,
				41AE83A06E8A59F25208C646,
				B462E921201A876A90FE136C,
				EAE6F4911BF738B809BABDB9,
				5F32D2E6F51CAB4E9A7DCF9E,
				811D348F6E9F56ED8131D568,
				D9416C0D61870256B25EB7E5,
				68C76B8845C10B8CC15FAB30,
				1BF514AB2475C6B795F7B5F2,
				0E623A048639B42F3881077B,
				2FD2D54B8D93126C011D5895,
				55A36C354D3232256DF404B8,
				B4CEE31BFB2F33EC90F73EBF,
				26818C2835EC7EE4A3C1BA52,
				691526AF95F7889D1B0F5302,
				48B232D7A64AA8BEE2CB1E4E,
				AA434734A2F9783196A12CD1,
				FB88A16491FD2527AD53DB6C,
				3F5A69F7909CABA74F05413B,
				AC190D21B7CAB26CC8AE9B24,
				77CC72ECC07CF3A929D598DC,
				629FFA8CF80C2003E1EE91FD,
				7EE9154E146F84CA01F37896,
				349AA6C97598787585C838E1,
				B472693A8BA086AA787F40CD,
				8FEE2442F758A3179FD75BE3,
				75E808ADEE72C421D8611604,
				E77748F5387148F7E9C607B0,
				C0C37434DBDA8BB57FAC764B,
				7D8ACD1CA18E2A9FA0540425,
				D916CE8952623E1D49EA3516,
				92143DBF54466D00201AEBB5,
				01BBC7FF7D41ABF74884153C,
				F451DCE7C1563C74B9C02A09,
				EAE957B844930B993A84BB0B,
				990008774334BB33848EE64B,
				ED2D04CD267AE14F92530488,
				0713625A4AD3274540A38C21,
				C7B9F125CCAA55A0442F4134,
				F8EFEFC85D3A28E913BB8E66,
				A47E46E34B479FAC57257CF1,
				11066B0190A7FBA77A8626C2,
				4D3344B4C0D4F026D736DDAA,
				537DD388E1FA84F29C85BF3C,
				0E1DA2BC5E727E9074A526EB,
				0D85AA9062213E3F5B914D71,
				E8B178E164E5F22F28F806AB,
				A85E968A35B2DB5C9EE1F2B8,
				FA7205C53C97276D0F40F0D1,
				D7CF68E534E68E7D6D5EC664,
				9C68F1AF122EA4E537336E7B,
				1542ED48BBD579A9FC8B1065,
				89FCEB9A18634D877834C36D,
				70B9E44331AAABBE89E56779,
				8BFAEC1B764234F16D884A03,
				CEF656B474EDDC7C9350CA4B,
				E0260355487DA7AF50E7F36E,
				26867C612711545A03D3211B,
				D2480979996809268C6537A1,
				E441456F750E79B43437A0EA,
				7BF3A0054A1165376132F776,
				E0083909EEA499E67185A884,
				75CC1DF7E9163D67819582A2,
				B76D36B925A2A661A3E852A8,
				1DEF9A0B81B657CAAD6F411E,
				6F7A5EF6DAE507770ECFB660,
				A835EEEE0E0CEA756FD0E9A1,
				95205A4646AD08E047313903,
				AC08E3422F5EA4BDB813D76D,
				7604BD640D8F541C0EF5AC2F,
				4D42F1A3CB0C7413C34BBEF4,
				19645FA4A8BE05402CB9506A,
				492A1C208344C1362593E32C,
				1D1B087E388FE733B868B8C9,
				65837BAC2C8640DBB2BA8EBB,
				C3EDB840EFD292930B8C1637,
				1EFD52F79772C8AA34008F9D,
				0483712A2D12B3A955DE02B2,
				715C7ECB04DFCBCE1B31ED21,
				D6539F9C686002706FC95AA3,
				872F17E03A89F21511FB5941,
				806EB8BF5CD0898F6C6578DC,
				E5419DB3C90EBA887B50B01D,
				A2A2710606ECC7A2F501009E,
				BE8E1E1258EB6D0B42502E47,
				0462AAA30552F070883B0E32,
				F3196942B27C3AA8106F9656,
				727727993813622098F023C7,
				B54AB56E3BB0C16BBC4602BA,
				00149558C059667FD396D437,
				590DA2DB8881EC40C64850D1,
				56D107F64908AA14841CE6EF,
				B700FF9607A10925AE61B030,
				0069AD8890761B4184E7AA02,
			); name = Sources; sourceTree = "<group>";};
		81D01C0FD21E979897052079 = {isa = PBXGroup; children = (
				83572F31C1160B7DEC5CEAAC,
				067702F90C6D4B47C90E7674,
				099A23907E15F8111B562CD0,
			); name = Resources; sourceTree = "<group>";};
		7676F58CF0C9BB5C3E838406 = {isa = PBXGroup; children = (
				CAF9B6B99962BF5C22648242,
				645EC79F22BEC5EFE970061D,
			); path = AVOPerformanceHorse; sourceTree = "<group>";};
		6D159F361021D92BC3E10E55 = {isa = PBXGroup; children = (
				3345247A31290EDC45601D7A,
			); name = Products; sourceTree = "<group>";};
		5C999E731352905727541C3C = {isa = PBXGroup; children = (
				D8459709F6D9BD48D2B42821,
				81D01C0FD21E979897052079,
				7676F58CF0C9BB5C3E838406,
				6D159F361021D92BC3E10E55,
			); sourceTree = "<group>";};
		A7BB88F141516E17F21602B2 = {isa = PBXSourcesBuildPhase; buildActionMask = 2147483647; files = (
				930BA883B6340260CBB5A10E,
				A269AC07EA5EAB631899B878,
				AB8C471535BEF96B8BC05C9A,
				90D6CC5BDC6999DDC94E8E64,
				A9359D311546CB1A7C6BEE63,
				9469644084F622FB27E0A46D,
				1D72D584FDB2322C314254D9,
				30430D6696E2A49A1E764BE9,
				4FEEFC67A354838463C6324E,
				F33ABC8AE5F2D19A0DAB845D,
				31C19DEBFEDDB559E8CFC5B3,
				E28ACDBF489A329F891DCF89,
				92FCD589521DA70BDE560A90,
				BA6D74AB05C0324CDDAEE7FF,
				69D45593D8EC8DC7749DC327,
				C1BA98E1BBCAA1672E490FE1,
				F88D7BA362BB4B5FCE8B5406,
				5D5CB50EFE1825518A5ADA54,
				3B9453B8220B2BE2454574AB,
				0481339C20408A9644D0D88D,
				AD5FE9FC0D72D5DC8EAA3BBB,
				6F2FD9079E64DDD0724935C2,
				CE17EC5F0F82025D62737F37,
				7500D97D2C11B7590EAE4168,
				271F1ED5FB005C29EFDEEE6A,
				EE72E78363979E3D950DED7B,
				638B447193A71014250792C2,
				D3F3B5C1C3E8252D06828712,
				1588D1E90D234B45D9B649DB,
				775BE38E307ACA0FD95508D7,
				F3B17E0CE4C36B9CD22A8B8F,
				BF07A838C36CEFC627461EF2,
				1175899F8B4FF9464CC49437,
				45F7C34A65EA0579532F1156,
				548D5E706E44CA220B1D3D33,
				A8076ED19E521EA7EE4AA46A,
				F63242C5170D2660D23296FF,
				9BE91011D1A13D21FF2DC079,
				ADDADEB6B68CB71149138CCC,
				3D554527E7819E896DC0E5EB,
				2332F2E61F007B466E2BE23C,
				B54A458114DF3E05E0DE66BB,
				F03B2F0A403540DA21074485,
				A5B420076797960732092D23,
				1C27BC445853539F062BCDF7,
				64682482C2E81593A9B5BDE8,
				87990FC3376F3E4BE1F5860F,
				EAFB143D51D2B66BBD0ADE7A,
				45996EDAFEC32C1159032EEF,
				6C05C7F8A6D80FB5D471C9D3,
				8C132048909E6384474B486F,
				11D02C771BF2697FAC1A57C8,
				66DCC65D160B29035D82A223,
				4CFE1E7E961BE1ABED2CD923,
				0B133D11A2A4939F1B35F178,
				9EFB7C85AB5DED209FD07D21,
				FA992454C6C371497D41CBF0,
				6C8D7F47E5084BE11174DC9C,
				DE28A305BD73C518D3338F47,
				B114196817A9DE83630B9F29,
				E8AAD32681DB0D9641D35D78,
				F9626075107EA37961177D6F,
				BA6B71313361A52E0AA7BD21,
				F6FCF2B7693837F7ACC21B62,
				CA9686553266C43185B67617,
				1860C68D0586B3E4E69C08E1,
				123A7858C0C74A80A608CFDF,
				9F267248E86FB57517B05CF0,
				95FCC0265B85C12C3CE2A852,
				DC70EF5E7ADC4DCC83B173A6,
				A8C74C1BEC55595AA10FE711,
				A9F2928EC15941279CABF053,
				94BEED44DC6D8517CD083167,
				41E646EE5F3E512A79DA3E35,
				EE82D40A65F662041ACA6428,
				6BF497C73DCE2CDFFD8E6E55,
				EA5FF0260C76CF0116237C54,
				290FA20EE99AE874756C7A35,
				BB55A15B487D1EFB9AEA882A,
				76E40F45173BB99913AA8692,
				1180E803D730FD34CE063424,
				028DA7929E29E09F23FCA2EE,
				8668E9568633C5687A9D57AB,
				4B6BD1E6C738E746652AF6A1,
				A087783FA1E67E73EF31596C,
				1D6C6EF041EF37C558A0DC5F,
				CC60BD804CD7B0A42B93F63E,
				20158DED51A2F7CF40151E5F,
				D33F2B90B24BCC4EB92B8AAE,
				4A31AE71F3DBECB8007A1F83,
				3B67B9EFB7AC92E102629A14,
				08A9B113231835C639C976E5,
				C0DAFB359B8D920401C569D8,
				C12ABC6FC079E4F3F568F4D0,
				FE21B41573F61D2F52F33A3D,
				762BDC2F11DB2D64EB28BA96,
				A4978ED48FC9DCC8CBEBE92A,
				502BFD4452CEE3AA19DD7E0B,
				71E54C83AF78A1C543ED5C35,
				051BC73110A7EA038C75D046,
				C733AF4001340E80192A71A6,
				457907EA3EA7404C16EB4044,
				33C559A5E9EB9A0B1360F664,
				59A9E0599F3BD2D7EA7A7507,
				869B939C5AD96E1122238210,
				D577648F295F5B87AFEAB7A9,
				60DD8DB2447DACE577C82276,
				E5489117338AB7033547B4AC,
				895F5A3E0AE3167D1B5A8D73,
				94D06C8B582B30490B237550,
				F65337F263917A322898A39D,
				5130060DC8B7E4BF9C7B29B0,
				CEF1E80DF9C0662FA6EF9DC3,
				084EEEDB0FA7DB978829EFB4,
				F048036B329E2B6981428AAD,
				1818F3364B4E21A99B4CDFC9,
				08920D60788AC95C3EECE56E,
				9C96FE53B6E636AC3756337E,
				93F89275631943C944D730D4,
				28A3FF855C8853F82E7DEA31,
				63C91ECD6B367460CF399228,
				686BDD97BD9B12CF5578E089,
				FBCE96016F6482EEFF30919B,
				26F735933D8D74B0646419C9,
				58D0257FD9B3510B3775AE6F,
				4D676E59551FB1542BC2CF58,
				D1D8056E4FD3EDDD62579245,
				EE1843A258E88F895F14AA72,
				692374947621E86C47DE0461,
				9B5FCE017696603EF74DD52D,
				DB94CC9B097F2267D769A46F,
				6FC648DCB207C4DD6F661FFF,
				87AC5FD905922E35150D1839,
				3FFFBB04CE0F10C0FBDCD470,
				CDFCA9495918DE9D73EF3F1B,
				C21AC335C1770B34241B0CEE,
				8E8F7E3BD242FB7BC0D57AB0,
				D290ACDD0977FEEFA00D31F6,
				2C372A409B18233BB5C907C7,
				A9680461C60ACE258BA4CCFE,
				22476F26E97D6D59CFD8C42F,
				5318804E80D222E6AEE5B59F,
				4AC5BBF2329F7FDFB9B46AF1,
				F9F9834C92F32917F90F062C,
				A071E16FC09D6A4AF7066AC3,
			); runOnlyForDeploymentPostprocessing = 0;};
		AF5FE74DAAF3C2BCB23F9A40 = {isa = PBXResourcesBuildPhase; buildActionMask = 2147483647; files = (
				99207713C3320E042ED490B0,
				EEC838B5D94206395442E7DE,
				01145FE412C7DE87016B5D39,
			); runOnlyForDeploymentPostprocessing = 0;};
		71FE200D317990948E24D8EE = {isa = PBXFrameworksBuildPhase; buildActionMask = 2147483647; files = (
			); runOnlyForDeploymentPostprocessing = 0;};
		E9D711C1E560F2EEE17B1E59 = {isa = PBXNativeTarget; buildConfigurationList = 8B271C3BF441746F5312D6FC; buildPhases = (
				A7BB88F141516E17F21602B2,
				71FE200D317990948E24D8EE,
				AF5FE74DAAF3C2BCB23F9A40,
			); buildRules = (
			); dependencies = (
			); name = AVOPerformanceHorse; productName = AVOPerformanceHorse; productReference = 3345247A31290EDC45601D7A; productType = "com.apple.product-type.application";};
		13A9DFF8F6856CAC9C210911 = {isa = XCBuildConfiguration; buildSettings = {
				ALWAYS_SEARCH_USER_PATHS = NO;
				CLANG_ANALYZER_NONNULL = YES;
				CLANG_ANALYZER_NUMBER_OBJECT_CONVERSION = YES_AGGRESSIVE;
				CLANG_CXX_LANGUAGE_STANDARD = "gnu++20";
				CLANG_ENABLE_MODULES = YES;
				CLANG_ENABLE_OBJC_ARC = YES;
				CLANG_ENABLE_OBJC_WEAK = YES;
				CLANG_WARN_BOOL_CONVERSION = YES;
				CLANG_WARN_CONSTANT_CONVERSION = YES;
				CLANG_WARN_DIRECT_OBJC_ISA_USAGE = YES_ERROR;
				CLANG_WARN_DOCUMENTATION_COMMENTS = YES;
				CLANG_WARN_EMPTY_BODY = YES;
				CLANG_WARN_ENUM_CONVERSION = YES;
				CLANG_WARN_INFINITE_RECURSION = YES;
				CLANG_WARN_INT_CONVERSION = YES;
				CLANG_WARN_NON_LITERAL_NULL_CONVERSION = YES;
				CLANG_WARN_OBJC_IMPLICIT_RETAIN_SELF = YES;
				CLANG_WARN_OBJC_LITERAL_CONVERSION = YES;
				CLANG_WARN_QUOTED_INCLUDE_IN_FRAMEWORK_HEADER = YES;
				CLANG_WARN_RANGE_LOOP_ANALYSIS = YES;
				CLANG_WARN_STRICT_PROTOTYPES = YES;
				CLANG_WARN_SUSPICIOUS_MOVE = YES;
				CLANG_WARN_UNGUARDED_AVAILABILITY = YES_AGGRESSIVE;
				CLANG_WARN_UNREACHABLE_CODE = YES;
				COPY_PHASE_STRIP = 0;
				DEBUG_INFORMATION_FORMAT = dwarf;
				ENABLE_STRICT_OBJC_MSGSEND = YES;
				ENABLE_TESTABILITY = YES;
				GCC_C_LANGUAGE_STANDARD = gnu17;
				GCC_NO_COMMON_BLOCKS = YES;
				GCC_WARN_64_TO_32_BIT_CONVERSION = YES;
				GCC_WARN_ABOUT_RETURN_TYPE = YES_ERROR;
				GCC_WARN_UNDECLARED_SELECTOR = YES;
				GCC_WARN_UNINITIALIZED_AUTOS = YES_AGGRESSIVE;
				GCC_WARN_UNUSED_FUNCTION = YES;
				GCC_WARN_UNUSED_VARIABLE = YES;
				IPHONEOS_DEPLOYMENT_TARGET = 18.0;
				MTL_ENABLE_DEBUG_INFO = INCLUDE_SOURCE;
				SDKROOT = iphoneos;
				SWIFT_COMPILATION_MODE = 0;
				SWIFT_OPTIMIZATION_LEVEL = -Onone;
			}; name = Debug;};
		46D3236E9F92A96F387A35D2 = {isa = XCBuildConfiguration; buildSettings = {
				ALWAYS_SEARCH_USER_PATHS = NO;
				CLANG_ANALYZER_NONNULL = YES;
				CLANG_ANALYZER_NUMBER_OBJECT_CONVERSION = YES_AGGRESSIVE;
				CLANG_CXX_LANGUAGE_STANDARD = "gnu++20";
				CLANG_ENABLE_MODULES = YES;
				CLANG_ENABLE_OBJC_ARC = YES;
				CLANG_ENABLE_OBJC_WEAK = YES;
				CLANG_WARN_BOOL_CONVERSION = YES;
				CLANG_WARN_CONSTANT_CONVERSION = YES;
				CLANG_WARN_DIRECT_OBJC_ISA_USAGE = YES_ERROR;
				CLANG_WARN_DOCUMENTATION_COMMENTS = YES;
				CLANG_WARN_EMPTY_BODY = YES;
				CLANG_WARN_ENUM_CONVERSION = YES;
				CLANG_WARN_INFINITE_RECURSION = YES;
				CLANG_WARN_INT_CONVERSION = YES;
				CLANG_WARN_NON_LITERAL_NULL_CONVERSION = YES;
				CLANG_WARN_OBJC_IMPLICIT_RETAIN_SELF = YES;
				CLANG_WARN_OBJC_LITERAL_CONVERSION = YES;
				CLANG_WARN_QUOTED_INCLUDE_IN_FRAMEWORK_HEADER = YES;
				CLANG_WARN_RANGE_LOOP_ANALYSIS = YES;
				CLANG_WARN_STRICT_PROTOTYPES = YES;
				CLANG_WARN_SUSPICIOUS_MOVE = YES;
				CLANG_WARN_UNGUARDED_AVAILABILITY = YES_AGGRESSIVE;
				CLANG_WARN_UNREACHABLE_CODE = YES;
				COPY_PHASE_STRIP = 1;
				DEBUG_INFORMATION_FORMAT = dwarf-with-dsym;
				ENABLE_STRICT_OBJC_MSGSEND = YES;
				ENABLE_TESTABILITY = NO;
				GCC_C_LANGUAGE_STANDARD = gnu17;
				GCC_NO_COMMON_BLOCKS = YES;
				GCC_WARN_64_TO_32_BIT_CONVERSION = YES;
				GCC_WARN_ABOUT_RETURN_TYPE = YES_ERROR;
				GCC_WARN_UNDECLARED_SELECTOR = YES;
				GCC_WARN_UNINITIALIZED_AUTOS = YES_AGGRESSIVE;
				GCC_WARN_UNUSED_FUNCTION = YES;
				GCC_WARN_UNUSED_VARIABLE = YES;
				IPHONEOS_DEPLOYMENT_TARGET = 18.0;
				MTL_ENABLE_DEBUG_INFO = NO;
				SDKROOT = iphoneos;
				SWIFT_COMPILATION_MODE = wholemodule;
				SWIFT_OPTIMIZATION_LEVEL = -O;
			}; name = Release;};
		FAC52C1C391B14FB874D86B4 = {isa = XCBuildConfiguration; buildSettings = {
				ASSETCATALOG_COMPILER_APPICON_NAME = AppIcon;
				CODE_SIGN_STYLE = Automatic;
				CURRENT_PROJECT_VERSION = 34;
				DEVELOPMENT_ASSET_PATHS = "";
				DEVELOPMENT_TEAM = 4J2D6P5BJX;
				ENABLE_PREVIEWS = YES;
				GENERATE_INFOPLIST_FILE = NO;
				INFOPLIST_FILE = AVOPerformanceHorse/Info.plist;
				IPHONEOS_DEPLOYMENT_TARGET = 18.0;
				LD_RUNPATH_SEARCH_PATHS = ("$(inherited)", "@executable_path/Frameworks");
				MARKETING_VERSION = 1.2.1;
				PRODUCT_BUNDLE_IDENTIFIER = com.avoperformance.horse;
				PRODUCT_NAME = "$(TARGET_NAME)";
				SUPPORTED_PLATFORMS = "iphoneos iphonesimulator";
				SUPPORTS_MACCATALYST = NO;
				SUPPORTS_MAC_DESIGNED_FOR_IPHONE_IPAD = NO;
				SWIFT_VERSION = 5.0;
				TARGETED_DEVICE_FAMILY = "1,2";
			}; name = Debug;};
		9A4DF478F372EEEC0888CC04 = {isa = XCBuildConfiguration; buildSettings = {
				ASSETCATALOG_COMPILER_APPICON_NAME = AppIcon;
				CODE_SIGN_STYLE = Automatic;
				CURRENT_PROJECT_VERSION = 34;
				DEVELOPMENT_ASSET_PATHS = "";
				DEVELOPMENT_TEAM = 4J2D6P5BJX;
				ENABLE_PREVIEWS = YES;
				GENERATE_INFOPLIST_FILE = NO;
				INFOPLIST_FILE = AVOPerformanceHorse/Info.plist;
				IPHONEOS_DEPLOYMENT_TARGET = 18.0;
				LD_RUNPATH_SEARCH_PATHS = ("$(inherited)", "@executable_path/Frameworks");
				MARKETING_VERSION = 1.2.1;
				PRODUCT_BUNDLE_IDENTIFIER = com.avoperformance.horse;
				PRODUCT_NAME = "$(TARGET_NAME)";
				SUPPORTED_PLATFORMS = "iphoneos iphonesimulator";
				SUPPORTS_MACCATALYST = NO;
				SUPPORTS_MAC_DESIGNED_FOR_IPHONE_IPAD = NO;
				SWIFT_VERSION = 5.0;
				TARGETED_DEVICE_FAMILY = "1,2";
			}; name = Release;};
		04381F66F2952792222CD8FA = {isa = XCConfigurationList; buildConfigurations = (
				13A9DFF8F6856CAC9C210911,
				46D3236E9F92A96F387A35D2,
			); defaultConfigurationIsVisible = 0; defaultConfigurationName = Release;};
		8B271C3BF441746F5312D6FC = {isa = XCConfigurationList; buildConfigurations = (
				FAC52C1C391B14FB874D86B4,
				9A4DF478F372EEEC0888CC04,
			); defaultConfigurationIsVisible = 0; defaultConfigurationName = Release;};
		5CD759D4193846E4910FD9BB = {isa = PBXProject; attributes = { BuildIndependentTargetsInParallel = YES; LastSwiftUpdateCheck = 1600; LastUpgradeCheck = 1600; TargetAttributes = { E9D711C1E560F2EEE17B1E59 = { CreatedOnToolsVersion = 16.0; }; }; }; buildConfigurationList = 04381F66F2952792222CD8FA; compatibilityVersion = "Xcode 14.0"; developmentRegion = en; hasScannedForEncodings = 0; knownRegions = (en, Base); mainGroup = 5C999E731352905727541C3C; productRefGroup = 6D159F361021D92BC3E10E55; projectDirPath = ""; projectRoot = ""; targets = (
				E9D711C1E560F2EEE17B1E59,
			);};
	};
	rootObject = 5CD759D4193846E4910FD9BB;
}
